
Microsoft Visual Studio Solution File, Format Version 12.00
# Visual Studio Version 17
VisualStudioVersion = 17.10.34607.79
MinimumVisualStudioVersion = 10.0.40219.1
Project("{8BC9CEB8-8B4A-11D0-8D11-00A0C91BC942}") = "Client", "Client\Client.vcxproj", "{CE0829EA-1237-4D1F-BD5C-5530FA32A804}"
EndProject
Project("{8BC9CEB8-8B4A-11D0-8D11-00A0C91BC942}") = "OtterNetworking", "OtterNetworking\OtterNetworking.vcxproj", "{11648445-41E8-4E7B-A37E-0BC842CC576B}"
EndProject
Project("{8BC9CEB8-8B4A-11D0-8D11-00A0C91BC942}") = "Server", "Server\Server.vcxproj", "{93AF3E72-E1AA-4A35-BC33-6773B01AFC8F}"
EndProject
Project("{8BC9CEB8-8B4A-11D0-8D11-00A0C91BC942}") = "OtterGameState", "OtterGameState\OtterGameState.vcxproj", "{D70F673C-D082-4ECC-A9CB-FAE152C09105}"
EndProject
Project("{8BC9CEB8-8B4A-11D0-8D11-00A0C91BC942}") = "OtterRender", "OtterRender\OtterRender.vcxproj", "{D25F67A9-2BA9-4086-A23B-E38930365790}"
EndProject
Project("{8BC9CEB8-8B4A-11D0-8D11-00A0C91BC942}") = "OtterConfig", "OtterConfig\OtterConfig.vcxproj", "{8C97CC4F-158C-4D11-AB7A-4C6F43F6E64D}"
EndProject
Global
	GlobalSection(SolutionConfigurationPlatforms) = preSolution
		Debug|x64 = Debug|x64
		Debug|x86 = Debug|x86
		Release|x64 = Release|x64
		Release|x86 = Release|x86
	EndGlobalSection
	GlobalSection(ProjectConfigurationPlatforms) = postSolution
		{CE0829EA-1237-4D1F-BD5C-5530FA32A804}.Debug|x64.ActiveCfg = Debug|x64
		{CE0829EA-1237-4D1F-BD5C-5530FA32A804}.Debug|x64.Build.0 = Debug|x64
		{CE0829EA-1237-4D1F-BD5C-5530FA32A804}.Debug|x86.ActiveCfg = Debug|Win32
		{CE0829EA-1237-4D1F-BD5C-5530FA32A804}.Debug|x86.Build.0 = Debug|Win32
		{CE0829EA-1237-4D1F-BD5C-5530FA32A804}.Release|x64.ActiveCfg = Release|x64
		{CE0829EA-1237-4D1F-BD5C-5530FA32A804}.Release|x64.Build.0 = Release|x64
		{CE0829EA-1237-4D1F-BD5C-5530FA32A804}.Release|x86.ActiveCfg = Release|Win32
		{CE0829EA-1237-4D1F-BD5C-5530FA32A804}.Release|x86.Build.0 = Release|Win32
		{11648445-41E8-4E7B-A37E-0BC842CC576B}.Debug|x64.ActiveCfg = Debug|x64
		{11648445-41E8-4E7B-A37E-0BC842CC576B}.Debug|x64.Build.0 = Debug|x64
		{11648445-41E8-4E7B-A37E-0BC842CC576B}.Debug|x86.ActiveCfg = Debug|Win32
		{11648445-41E8-4E7B-A37E-0BC842CC576B}.Debug|x86.Build.0 = Debug|Win32
		{11648445-41E8-4E7B-A37E-0BC842CC576B}.Release|x64.ActiveCfg = Release|x64
		{11648445-41E8-4E7B-A37E-0BC842CC576B}.Release|x64.Build.0 = Release|x64
		{11648445-41E8-4E7B-A37E-0BC842CC576B}.Release|x86.ActiveCfg = Release|Win32
		{11648445-41E8-4E7B-A37E-0BC842CC576B}.Release|x86.Build.0 = Release|Win32
		{93AF3E72-E1AA-4A35-BC33-6773B01AFC8F}.Debug|x64.ActiveCfg = Debug|x64
		{93AF3E72-E1AA-4A35-BC33-6773B01AFC8F}.Debug|x64.Build.0 = Debug|x64
		{93AF3E72-E1AA-4A35-BC33-6773B01AFC8F}.Debug|x86.ActiveCfg = Debug|Win32
		{93AF3E72-E1AA-4A35-BC33-6773B01AFC8F}.Debug|x86.Build.0 = Debug|Win32
		{93AF3E72-E1AA-4A35-BC33-6773B01AFC8F}.Release|x64.ActiveCfg = Release|x64
		{93AF3E72-E1AA-4A35-BC33-6773B01AFC8F}.Release|x64.Build.0 = Release|x64
		{93AF3E72-E1AA-4A35-BC33-6773B01AFC8F}.Release|x86.ActiveCfg = Release|Win32
		{93AF3E72-E1AA-4A35-BC33-6773B01AFC8F}.Release|x86.Build.0 = Release|Win32
		{D70F673C-D082-4ECC-A9CB-FAE152C09105}.Debug|x64.ActiveCfg = Debug|x64
		{D70F673C-D082-4ECC-A9CB-FAE152C09105}.Debug|x64.Build.0 = Debug|x64
		{D70F673C-D082-4ECC-A9CB-FAE152C09105}.Debug|x86.ActiveCfg = Debug|Win32
		{D70F673C-D082-4ECC-A9CB-FAE152C09105}.Debug|x86.Build.0 = Debug|Win32
		{D70F673C-D082-4ECC-A9CB-FAE152C09105}.Release|x64.ActiveCfg = Release|x64
		{D70F673C-D082-4ECC-A9CB-FAE152C09105}.Release|x64.Build.0 = Release|x64
		{D70F673C-D082-4ECC-A9CB-FAE152C09105}.Release|x86.ActiveCfg = Release|Win32
		{D70F673C-D082-4ECC-A9CB-FAE152C09105}.Release|x86.Build.0 = Release|Win32
		{D25F67A9-2BA9-4086-A23B-E38930365790}.Debug|x64.ActiveCfg = Debug|x64
		{D25F67A9-2BA9-4086-A23B-E38930365790}.Debug|x64.Build.0 = Debug|x64
		{D25F67A9-2BA9-4086-A23B-E38930365790}.Debug|x86.ActiveCfg = Debug|Win32
		{D25F67A9-2BA9-4086-A23B-E38930365790}.Debug|x86.Build.0 = Debug|Win32
		{D25F67A9-2BA9-4086-A23B-E38930365790}.Release|x64.ActiveCfg = Release|x64
		{D25F67A9-2BA9-4086-A23B-E38930365790}.Release|x64.Build.0 = Release|x64
		{D25F67A9-2BA9-4086-A23B-E38930365790}.Release|x86.ActiveCfg = Release|Win32
		{D25F67A9-2BA9-4086-A23B-E38930365790}.Release|x86.Build.0 = Release|Win32
		{8C97CC4F-158C-4D11-AB7A-4C6F43F6E64D}.Debug|x64.ActiveCfg = Debug|x64
		{8C97CC4F-158C-4D11-AB7A-4C6F43F6E64D}.Debug|x64.Build.0 = Debug|x64
		{8C97CC4F-158C-4D11-AB7A-4C6F43F6E64D}.Debug|x86.ActiveCfg = Debug|Win32
		{8C97CC4F-158C-4D11-AB7A-4C6F43F6E64D}.Debug|x86.Build.0 = Debug|Win32
		{8C97CC4F-158C-4D11-AB7A-4C6F43F6E64D}.Release|x64.ActiveCfg = Release|x64
		{8C97CC4F-158C-4D11-AB7A-4C6F43F6E64D}.Release|x64.Build.0 = Release|x64
		{8C97CC4F-158C-4D11-AB7A-4C6F43F6E64D}.Release|x86.ActiveCfg = Release|Win32
		{8C97CC4F-158C-4D11-AB7A-4C6F43F6E64D}.Release|x86.Build.0 = Release|Win32
	EndGlobalSection
	GlobalSection(SolutionProperties) = preSolution
		HideSolutionNode = FALSE
	EndGlobalSection
	GlobalSection(ExtensibilityGlobals) = postSolution
		SolutionGuid = {E84B8858-F085-4719-AE43-279AC355632A}
	EndGlobalSection
EndGlobal
