<?xml version="1.0" encoding="utf-8"?>
<Project ToolsVersion="4.0" xmlns="http://schemas.microsoft.com/developer/msbuild/2003">
  <ItemGroup>
    <Filter Include="Source Files">
      <UniqueIdentifier>{4FC737F1-C7A5-4376-A066-2A32D752A2FF}</UniqueIdentifier>
      <Extensions>cpp;c;cc;cxx;c++;cppm;ixx;def;odl;idl;hpj;bat;asm;asmx</Extensions>
    </Filter>
    <Filter Include="Header Files">
      <UniqueIdentifier>{93995380-89BD-4b04-88EB-625FBE52EBFB}</UniqueIdentifier>
      <Extensions>h;hh;hpp;hxx;h++;hm;inl;inc;ipp;xsd</Extensions>
    </Filter>
    <Filter Include="Resource Files">
      <UniqueIdentifier>{67DA6AB6-F800-4c08-8B7A-83BB121AAD01}</UniqueIdentifier>
      <Extensions>rc;ico;cur;bmp;dlg;rc2;rct;bin;rgs;gif;jpg;jpeg;jpe;resx;tiff;tif;png;wav;mfcribbon-ms</Extensions>
    </Filter>
  </ItemGroup>
  <ItemGroup>
    <ClInclude Include="pch.h">
      <Filter>Header Files</Filter>
    </ClInclude>
    <ClInclude Include="Public\Otter\Render\RenderInstance.h">
      <Filter>Header Files</Filter>
    </ClInclude>
    <ClInclude Include="Public\Otter\Render\export.h">
      <Filter>Header Files</Filter>
    </ClInclude>
    <ClInclude Include="Public\Otter\Render\RenderSwapchain.h">
      <Filter>Header Files</Filter>
    </ClInclude>
    <ClInclude Include="Public\Otter\Render\RenderQueue.h">
      <Filter>Header Files</Filter>
    </ClInclude>
    <ClInclude Include="Public\Otter\Render\Memory\GpuBuffer.h">
      <Filter>Header Files</Filter>
    </ClInclude>
    <ClInclude Include="Public\Otter\Render\Pipeline\GBufferPipeline.h">
      <Filter>Header Files</Filter>
    </ClInclude>
    <ClInclude Include="Public\Otter\Render\Mesh.h">
      <Filter>Header Files</Filter>
    </ClInclude>
    <ClInclude Include="Public\Otter\Render\Uniform\ModelViewProjection.h">
      <Filter>Header Files</Filter>
    </ClInclude>
    <ClInclude Include="Public\Otter\Render\Memory\MemoryType.h">
      <Filter>Header Files</Filter>
    </ClInclude>
    <ClInclude Include="Public\Otter\Render\Pipeline\Pipeline.h">
      <Filter>Source Files</Filter>
    </ClInclude>
    <ClInclude Include="Public\Otter\Render\RenderStack.h">
      <Filter>Header Files</Filter>
    </ClInclude>
    <ClInclude Include="Public\Otter\Render\RenderFrame.h">
      <Filter>Header Files</Filter>
    </ClInclude>
    <ClInclude Include="Public\Otter\Render\Pipeline\PbrPipeline.h">
      <Filter>Header Files</Filter>
    </ClInclude>
    <ClInclude Include="Public\Otter\Render\Gltf\GlbAsset.h">
      <Filter>Header Files</Filter>
    </ClInclude>
  </ItemGroup>
  <ItemGroup>
    <ClCompile Include="pch.c">
      <Filter>Source Files</Filter>
    </ClCompile>
    <ClCompile Include="Private\Otter\Render\RenderInstance.c">
      <Filter>Source Files</Filter>
    </ClCompile>
    <ClCompile Include="Private\Otter\Render\RenderSwapchain.c">
      <Filter>Source Files</Filter>
    </ClCompile>
    <ClCompile Include="Private\Otter\Render\Memory\GpuBuffer.c">
      <Filter>Source Files</Filter>
    </ClCompile>
    <ClCompile Include="Private\Otter\Render\Pipeline\GBufferPipeline.c">
      <Filter>Source Files</Filter>
    </ClCompile>
    <ClCompile Include="Private\Otter\Render\Mesh.c">
      <Filter>Source Files</Filter>
    </ClCompile>
    <ClCompile Include="Private\Otter\Render\Memory\MemoryType.c">
      <Filter>Source Files</Filter>
    </ClCompile>
    <ClCompile Include="Private\Otter\Render\Pipeline\Pipeline.c">
      <Filter>Source Files</Filter>
    </ClCompile>
    <ClCompile Include="Private\Otter\Render\RenderStack.c">
      <Filter>Source Files</Filter>
    </ClCompile>
    <ClCompile Include="Private\Otter\Render\RenderFrame.c">
      <Filter>Source Files</Filter>
    </ClCompile>
    <ClCompile Include="Private\Otter\Render\Pipeline\PbrPipeline.c">
      <Filter>Source Files</Filter>
    </ClCompile>
    <ClCompile Include="Private\Otter\Render\Gltf\GlbAsset.c">
      <Filter>Header Files</Filter>
    </ClCompile>
  </ItemGroup>
  <ItemGroup>
    <CustomBuild Include="Shaders\pbr.vert.glsl" />
    <CustomBuild Include="Shaders\pbr.frag.glsl" />
    <CustomBuild Include="Shaders\gbuffer.vert.glsl" />
    <CustomBuild Include="Shaders\gbuffer.frag.glsl" />
  </ItemGroup>
  <ItemGroup>
    <None Include="cpp.hint" />
  </ItemGroup>
</Project>